
Microsoft Visual Studio Solution File, Format Version 12.00
# Visual Studio Version 17
VisualStudioVersion = 17.4.33403.182
MinimumVisualStudioVersion = 10.0.40219.1
Project("{FAE04EC0-301F-11D3-BF4B-00C04F79EFBC}") = "FiboCalculator", "FiboCalculator.csproj", "{95267B77-ABF7-4F8D-9EC8-9CFFE539DF44}"
EndProject
Global
	GlobalSection(SolutionConfigurationPlatforms) = preSolution
		Debug|Any CPU = Debug|Any CPU
		Release|Any CPU = Release|Any CPU
	EndGlobalSection
	GlobalSection(ProjectConfigurationPlatforms) = postSolution
		{95267B77-ABF7-4F8D-9EC8-9CFFE539DF44}.Debug|Any CPU.ActiveCfg = Debug|Any CPU
		{95267B77-ABF7-4F8D-9EC8-9CFFE539DF44}.Debug|Any CPU.Build.0 = Debug|Any CPU
		{95267B77-ABF7-4F8D-9EC8-9CFFE539DF44}.Release|Any CPU.ActiveCfg = Release|Any CPU
		{95267B77-ABF7-4F8D-9EC8-9CFFE539DF44}.Release|Any CPU.Build.0 = Release|Any CPU
	EndGlobalSection
	GlobalSection(SolutionProperties) = preSolution
		HideSolutionNode = FALSE
	EndGlobalSection
	GlobalSection(ExtensibilityGlobals) = postSolution
		SolutionGuid = {889E4BFA-6298-4494-AA88-EE1326AC84AB}
	EndGlobalSection
EndGlobal
